
Microsoft Visual Studio Solution File, Format Version 12.00
# Visual Studio Version 17
VisualStudioVersion = 17.0.31919.166
MinimumVisualStudioVersion = 10.0.40219.1
Project("{FAE04EC0-301F-11D3-BF4B-00C04F79EFBC}") = "XXTk.Auth.Samples.Cookies.Web", "src\XXTk.Auth.Samples.Cookies.Web\XXTk.Auth.Samples.Cookies.Web.csproj", "{071A2295-DEC7-48A8-8278-6A697F8CC199}"
EndProject
Global
	GlobalSection(SolutionConfigurationPlatforms) = preSolution
		Debug|Any CPU = Debug|Any CPU
		Release|Any CPU = Release|Any CPU
	EndGlobalSection
	GlobalSection(ProjectConfigurationPlatforms) = postSolution
		{071A2295-DEC7-48A8-8278-6A697F8CC199}.Debug|Any CPU.ActiveCfg = Debug|Any CPU
		{071A2295-DEC7-48A8-8278-6A697F8CC199}.Debug|Any CPU.Build.0 = Debug|Any CPU
		{071A2295-DEC7-48A8-8278-6A697F8CC199}.Release|Any CPU.ActiveCfg = Release|Any CPU
		{071A2295-DEC7-48A8-8278-6A697F8CC199}.Release|Any CPU.Build.0 = Release|Any CPU
	EndGlobalSection
	GlobalSection(SolutionProperties) = preSolution
		HideSolutionNode = FALSE
	EndGlobalSection
	GlobalSection(ExtensibilityGlobals) = postSolution
		SolutionGuid = {D62438B1-EBAE-4804-833D-B37197F461B5}
	EndGlobalSection
EndGlobal
