
Microsoft Visual Studio Solution File, Format Version 12.00
# Visual Studio Version 17
VisualStudioVersion = 17.0.31919.166
MinimumVisualStudioVersion = 10.0.40219.1
Project("{9A19103F-16F7-4668-BE54-9A1E7A4F7556}") = "XXTk.Auth.Samples.Cookies.Web", "src\XXTk.Auth.Samples.Cookies.Web\XXTk.Auth.Samples.Cookies.Web.csproj", "{071A2295-DEC7-48A8-8278-6A697F8CC199}"
EndProject
Project("{9A19103F-16F7-4668-BE54-9A1E7A4F7556}") = "XXTk.Auth.Samples.JwtBearer.HttpApi", "src\XXTk.Auth.Samples.JwtBearer.HttpApi\XXTk.Auth.Samples.JwtBearer.HttpApi.csproj", "{A8085E2B-C128-4691-AD12-A79B2F99C7BA}"
EndProject
Project("{9A19103F-16F7-4668-BE54-9A1E7A4F7556}") = "XXTk.Auth.Samples.JwtBearerWithRefresh.HttpApi", "src\XXTk.Auth.Samples.JwtBearerWithRefresh.HttpApi\XXTk.Auth.Samples.JwtBearerWithRefresh.HttpApi.csproj", "{143FF1AD-3AE9-47E9-B081-5DCD47ED37DF}"
EndProject
Project("{2150E333-8FDC-42A3-9474-1A3956D46DE8}") = "Authentications", "Authentications", "{87984C44-0112-438F-8A45-3463BE5FE2BA}"
EndProject
Project("{2150E333-8FDC-42A3-9474-1A3956D46DE8}") = "Authorizations", "Authorizations", "{1BA87139-8AB3-4238-88EF-FCCA697F1539}"
EndProject
Project("{9A19103F-16F7-4668-BE54-9A1E7A4F7556}") = "XXTk.Auth.Samples.RoleBased.HttpApi", "src\XXTk.Auth.Samples.RoleBased.HttpApi\XXTk.Auth.Samples.RoleBased.HttpApi.csproj", "{A1D3A40D-66AE-4C77-9722-AC83EA89440B}"
EndProject
Project("{9A19103F-16F7-4668-BE54-9A1E7A4F7556}") = "XXTk.Auth.Samples.ClaimsBased.HttpApi", "src\XXTk.Auth.Samples.ClaimsBased.HttpApi\XXTk.Auth.Samples.ClaimsBased.HttpApi.csproj", "{57AE5F33-5ABB-455F-BBD8-1F21E133840D}"
EndProject
Project("{9A19103F-16F7-4668-BE54-9A1E7A4F7556}") = "XXTk.Auth.Samples.PolicyBased.HttpApi", "src\XXTk.Auth.Samples.PolicyBased.HttpApi\XXTk.Auth.Samples.PolicyBased.HttpApi.csproj", "{3203BD5B-D4AC-4750-8886-9031806DE15D}"
EndProject
Project("{FAE04EC0-301F-11D3-BF4B-00C04F79EFBC}") = "XXTk.Auth.Samples.Permission.HttpApi", "src\XXTk.Auth.Samples.Permission.HttpApi\XXTk.Auth.Samples.Permission.HttpApi.csproj", "{ED444CE6-EFC2-49BF-8094-2E17803065A8}"
EndProject
Global
	GlobalSection(SolutionConfigurationPlatforms) = preSolution
		Debug|Any CPU = Debug|Any CPU
		Release|Any CPU = Release|Any CPU
	EndGlobalSection
	GlobalSection(ProjectConfigurationPlatforms) = postSolution
		{071A2295-DEC7-48A8-8278-6A697F8CC199}.Debug|Any CPU.ActiveCfg = Debug|Any CPU
		{071A2295-DEC7-48A8-8278-6A697F8CC199}.Debug|Any CPU.Build.0 = Debug|Any CPU
		{071A2295-DEC7-48A8-8278-6A697F8CC199}.Release|Any CPU.ActiveCfg = Release|Any CPU
		{071A2295-DEC7-48A8-8278-6A697F8CC199}.Release|Any CPU.Build.0 = Release|Any CPU
		{A8085E2B-C128-4691-AD12-A79B2F99C7BA}.Debug|Any CPU.ActiveCfg = Debug|Any CPU
		{A8085E2B-C128-4691-AD12-A79B2F99C7BA}.Debug|Any CPU.Build.0 = Debug|Any CPU
		{A8085E2B-C128-4691-AD12-A79B2F99C7BA}.Release|Any CPU.ActiveCfg = Release|Any CPU
		{A8085E2B-C128-4691-AD12-A79B2F99C7BA}.Release|Any CPU.Build.0 = Release|Any CPU
		{143FF1AD-3AE9-47E9-B081-5DCD47ED37DF}.Debug|Any CPU.ActiveCfg = Debug|Any CPU
		{143FF1AD-3AE9-47E9-B081-5DCD47ED37DF}.Debug|Any CPU.Build.0 = Debug|Any CPU
		{143FF1AD-3AE9-47E9-B081-5DCD47ED37DF}.Release|Any CPU.ActiveCfg = Release|Any CPU
		{143FF1AD-3AE9-47E9-B081-5DCD47ED37DF}.Release|Any CPU.Build.0 = Release|Any CPU
		{A1D3A40D-66AE-4C77-9722-AC83EA89440B}.Debug|Any CPU.ActiveCfg = Debug|Any CPU
		{A1D3A40D-66AE-4C77-9722-AC83EA89440B}.Debug|Any CPU.Build.0 = Debug|Any CPU
		{A1D3A40D-66AE-4C77-9722-AC83EA89440B}.Release|Any CPU.ActiveCfg = Release|Any CPU
		{A1D3A40D-66AE-4C77-9722-AC83EA89440B}.Release|Any CPU.Build.0 = Release|Any CPU
		{57AE5F33-5ABB-455F-BBD8-1F21E133840D}.Debug|Any CPU.ActiveCfg = Debug|Any CPU
		{57AE5F33-5ABB-455F-BBD8-1F21E133840D}.Debug|Any CPU.Build.0 = Debug|Any CPU
		{57AE5F33-5ABB-455F-BBD8-1F21E133840D}.Release|Any CPU.ActiveCfg = Release|Any CPU
		{57AE5F33-5ABB-455F-BBD8-1F21E133840D}.Release|Any CPU.Build.0 = Release|Any CPU
		{3203BD5B-D4AC-4750-8886-9031806DE15D}.Debug|Any CPU.ActiveCfg = Debug|Any CPU
		{3203BD5B-D4AC-4750-8886-9031806DE15D}.Debug|Any CPU.Build.0 = Debug|Any CPU
		{3203BD5B-D4AC-4750-8886-9031806DE15D}.Release|Any CPU.ActiveCfg = Release|Any CPU
		{3203BD5B-D4AC-4750-8886-9031806DE15D}.Release|Any CPU.Build.0 = Release|Any CPU
		{ED444CE6-EFC2-49BF-8094-2E17803065A8}.Debug|Any CPU.ActiveCfg = Debug|Any CPU
		{ED444CE6-EFC2-49BF-8094-2E17803065A8}.Debug|Any CPU.Build.0 = Debug|Any CPU
		{ED444CE6-EFC2-49BF-8094-2E17803065A8}.Release|Any CPU.ActiveCfg = Release|Any CPU
		{ED444CE6-EFC2-49BF-8094-2E17803065A8}.Release|Any CPU.Build.0 = Release|Any CPU
	EndGlobalSection
	GlobalSection(SolutionProperties) = preSolution
		HideSolutionNode = FALSE
	EndGlobalSection
	GlobalSection(NestedProjects) = preSolution
		{071A2295-DEC7-48A8-8278-6A697F8CC199} = {87984C44-0112-438F-8A45-3463BE5FE2BA}
		{A8085E2B-C128-4691-AD12-A79B2F99C7BA} = {87984C44-0112-438F-8A45-3463BE5FE2BA}
		{143FF1AD-3AE9-47E9-B081-5DCD47ED37DF} = {87984C44-0112-438F-8A45-3463BE5FE2BA}
		{A1D3A40D-66AE-4C77-9722-AC83EA89440B} = {1BA87139-8AB3-4238-88EF-FCCA697F1539}
		{57AE5F33-5ABB-455F-BBD8-1F21E133840D} = {1BA87139-8AB3-4238-88EF-FCCA697F1539}
		{3203BD5B-D4AC-4750-8886-9031806DE15D} = {1BA87139-8AB3-4238-88EF-FCCA697F1539}
		{ED444CE6-EFC2-49BF-8094-2E17803065A8} = {1BA87139-8AB3-4238-88EF-FCCA697F1539}
	EndGlobalSection
	GlobalSection(ExtensibilityGlobals) = postSolution
		SolutionGuid = {D62438B1-EBAE-4804-833D-B37197F461B5}
	EndGlobalSection
EndGlobal
